<?xml version="1.0" encoding="utf-8"?>
<Project ToolsVersion="4.0" xmlns="http://schemas.microsoft.com/developer/msbuild/2003">
  <ItemGroup>
    <Filter Include="Source Files">
      <UniqueIdentifier>{4FC737F1-C7A5-4376-A066-2A32D752A2FF}</UniqueIdentifier>
      <Extensions>cpp;c;cc;cxx;c++;cppm;ixx;def;odl;idl;hpj;bat;asm;asmx</Extensions>
    </Filter>
    <Filter Include="Header Files">
      <UniqueIdentifier>{93995380-89BD-4b04-88EB-625FBE52EBFB}</UniqueIdentifier>
      <Extensions>h;hh;hpp;hxx;h++;hm;inl;inc;ipp;xsd</Extensions>
    </Filter>
    <Filter Include="Resource Files">
      <UniqueIdentifier>{67DA6AB6-F800-4c08-8B7A-83BB121AAD01}</UniqueIdentifier>
      <Extensions>rc;ico;cur;bmp;dlg;rc2;rct;bin;rgs;gif;jpg;jpeg;jpe;resx;tiff;tif;png;wav;mfcribbon-ms</Extensions>
    </Filter>
    <Filter Include="Source Files\Engine">
      <UniqueIdentifier>{a86b55d2-a902-4201-a1ae-05eef25d5470}</UniqueIdentifier>
    </Filter>
    <Filter Include="Source Files\Utils">
      <UniqueIdentifier>{40d4ad1e-3445-4223-be19-8a154d648235}</UniqueIdentifier>
    </Filter>
    <Filter Include="Source Files\Core">
      <UniqueIdentifier>{1a2f7dfc-c5f0-4fc6-850a-273f9eb26d13}</UniqueIdentifier>
    </Filter>
    <Filter Include="Source Files\Parser">
      <UniqueIdentifier>{39b85f5b-686e-464a-8fce-16dca426b574}</UniqueIdentifier>
    </Filter>
    <Filter Include="Source Files\Scr">
      <UniqueIdentifier>{2917bbae-8268-4ad2-b3a2-89fa4ed72b81}</UniqueIdentifier>
    </Filter>
    <Filter Include="Source Files\Engine\CommandHandler">
      <UniqueIdentifier>{cac81d1f-12cb-4281-9daa-c15775f83cce}</UniqueIdentifier>
    </Filter>
    <Filter Include="Source Files\Engine\CommandHandler\Commands">
      <UniqueIdentifier>{0e7ea794-3631-4cba-accd-8892d92bd2c6}</UniqueIdentifier>
    </Filter>
    <Filter Include="Source Files\Engine\CommandHandler\SpecialCommand">
      <UniqueIdentifier>{3228a6f1-376f-48fa-8323-63d1c96ef5ee}</UniqueIdentifier>
    </Filter>
  </ItemGroup>
  <ItemGroup>
    <Text Include="technical_task.txt">
      <Filter>Resource Files</Filter>
    </Text>
  </ItemGroup>
  <ItemGroup>
    <ClCompile Include="main.c">
      <Filter>Source Files</Filter>
    </ClCompile>
    <ClCompile Include="table.c">
      <Filter>Source Files\Core</Filter>
    </ClCompile>
    <ClCompile Include="db_engine.c">
      <Filter>Source Files\Engine</Filter>
    </ClCompile>
    <ClCompile Include="File_Utils.c">
      <Filter>Source Files\Utils</Filter>
    </ClCompile>
    <ClCompile Include="logger.c">
      <Filter>Source Files\Utils</Filter>
    </ClCompile>
    <ClCompile Include="database.c">
      <Filter>Source Files\Core</Filter>
    </ClCompile>
    <ClCompile Include="app.c">
      <Filter>Source Files\Scr</Filter>
    </ClCompile>
    <ClCompile Include="programState.c">
      <Filter>Source Files\Scr</Filter>
    </ClCompile>
    <ClCompile Include="util.c">
      <Filter>Source Files\Utils</Filter>
    </ClCompile>
    <ClCompile Include="parser.c">
      <Filter>Source Files\Parser</Filter>
    </ClCompile>
    <ClCompile Include="useCommand.c">
      <Filter>Source Files\Engine\CommandHandler\Commands</Filter>
    </ClCompile>
    <ClCompile Include="unuseCommand.c">
      <Filter>Source Files\Engine\CommandHandler\Commands</Filter>
    </ClCompile>
    <ClCompile Include="showCommand.c">
      <Filter>Source Files\Engine\CommandHandler\Commands</Filter>
    </ClCompile>
    <ClCompile Include="createCommand.c">
      <Filter>Source Files\Engine\CommandHandler\Commands</Filter>
    </ClCompile>
    <ClCompile Include="commandValidators.c">
      <Filter>Source Files\Engine\CommandHandler</Filter>
    </ClCompile>
    <ClCompile Include="selectCommand.c">
      <Filter>Source Files\Engine\CommandHandler\Commands</Filter>
    </ClCompile>
    <ClCompile Include="insertCommand.c">
      <Filter>Source Files\Engine\CommandHandler\Commands</Filter>
    </ClCompile>
    <ClCompile Include="specialCommnad.c">
      <Filter>Source Files\Engine\CommandHandler\SpecialCommand</Filter>
    </ClCompile>
    <ClCompile Include="tokenizer.c">
      <Filter>Source Files\Parser</Filter>
    </ClCompile>
    <ClCompile Include="parse_util.c">
      <Filter>Source Files\Parser</Filter>
    </ClCompile>
  </ItemGroup>
  <ItemGroup>
    <ClInclude Include="table.h">
      <Filter>Source Files\Core</Filter>
    </ClInclude>
    <ClInclude Include="File_Utils.h">
      <Filter>Source Files\Utils</Filter>
    </ClInclude>
    <ClInclude Include="db_engine.h">
      <Filter>Source Files\Engine</Filter>
    </ClInclude>
    <ClInclude Include="logger.h">
      <Filter>Source Files\Utils</Filter>
    </ClInclude>
    <ClInclude Include="database.h">
      <Filter>Source Files\Core</Filter>
    </ClInclude>
    <ClInclude Include="app.h">
      <Filter>Source Files\Scr</Filter>
    </ClInclude>
    <ClInclude Include="programState.h">
      <Filter>Source Files\Scr</Filter>
    </ClInclude>
    <ClInclude Include="parser.h">
      <Filter>Source Files\Parser</Filter>
    </ClInclude>
    <ClInclude Include="util.h">
      <Filter>Source Files\Utils</Filter>
    </ClInclude>
    <ClInclude Include="commandHandler.h">
      <Filter>Source Files\Engine\CommandHandler</Filter>
    </ClInclude>
    <ClInclude Include="config.h">
      <Filter>Source Files\Engine</Filter>
    </ClInclude>
    <ClInclude Include="useCommand.h">
      <Filter>Source Files\Engine\CommandHandler\Commands</Filter>
    </ClInclude>
    <ClInclude Include="unuseCommand.h">
      <Filter>Source Files\Engine\CommandHandler\Commands</Filter>
    </ClInclude>
    <ClInclude Include="showCommand.h">
      <Filter>Source Files\Engine\CommandHandler\Commands</Filter>
    </ClInclude>
    <ClInclude Include="createCommand.h">
      <Filter>Source Files\Engine\CommandHandler\Commands</Filter>
    </ClInclude>
    <ClInclude Include="commandValidators.h">
      <Filter>Source Files\Engine\CommandHandler</Filter>
    </ClInclude>
    <ClInclude Include="selectCommand.h">
      <Filter>Source Files\Engine\CommandHandler\Commands</Filter>
    </ClInclude>
    <ClInclude Include="insertCommand.h">
      <Filter>Source Files\Engine\CommandHandler\Commands</Filter>
    </ClInclude>
    <ClInclude Include="specialCommnad.h">
      <Filter>Source Files\Engine\CommandHandler\SpecialCommand</Filter>
    </ClInclude>
    <ClInclude Include="tokenizer.h">
      <Filter>Source Files\Parser</Filter>
    </ClInclude>
    <ClInclude Include="parse_util.h">
      <Filter>Source Files\Parser</Filter>
    </ClInclude>
  </ItemGroup>
</Project>